// !$*UTF8*$!
{
	archiveVersion = 1;
	classes = {
	};
	objectVersion = 50;
	objects = {

/* Begin PBXBuildFile section */
		9745575F227C93AE00716AB0 /* AppDelegate.m in Sources */ = {isa = PBXBuildFile; fileRef = 9745575E227C93AE00716AB0 /* AppDelegate.m */; };
		97455762227C93AE00716AB0 /* ViewController.m in Sources */ = {isa = PBXBuildFile; fileRef = 97455761227C93AE00716AB0 /* ViewController.m */; };
		97455765227C93AE00716AB0 /* Main.storyboard in Resources */ = {isa = PBXBuildFile; fileRef = 97455763227C93AE00716AB0 /* Main.storyboard */; };
		97455767227C93B000716AB0 /* Assets.xcassets in Resources */ = {isa = PBXBuildFile; fileRef = 97455766227C93B000716AB0 /* Assets.xcassets */; };
		9745576A227C93B000716AB0 /* LaunchScreen.storyboard in Resources */ = {isa = PBXBuildFile; fileRef = 97455768227C93B000716AB0 /* LaunchScreen.storyboard */; };
		9745576D227C93B000716AB0 /* main.m in Sources */ = {isa = PBXBuildFile; fileRef = 9745576C227C93B000716AB0 /* main.m */; };
		9745577B227CA73000716AB0 /* DrinkDetailViewController.m in Sources */ = {isa = PBXBuildFile; fileRef = 9745577A227CA73000716AB0 /* DrinkDetailViewController.m */; };
		974557852280C47500716AB0 /* DrinkListViewController.m in Sources */ = {isa = PBXBuildFile; fileRef = 974557842280C47500716AB0 /* DrinkListViewController.m */; };
/* End PBXBuildFile section */

/* Begin PBXFileReference section */
		9745575A227C93AE00716AB0 /* CocktailsApp.app */ = {isa = PBXFileReference; explicitFileType = wrapper.application; includeInIndex = 0; path = CocktailsApp.app; sourceTree = BUILT_PRODUCTS_DIR; };
		9745575D227C93AE00716AB0 /* AppDelegate.h */ = {isa = PBXFileReference; lastKnownFileType = sourcecode.c.h; path = AppDelegate.h; sourceTree = "<group>"; };
		9745575E227C93AE00716AB0 /* AppDelegate.m */ = {isa = PBXFileReference; lastKnownFileType = sourcecode.c.objc; path = AppDelegate.m; sourceTree = "<group>"; };
		97455760227C93AE00716AB0 /* ViewController.h */ = {isa = PBXFileReference; lastKnownFileType = sourcecode.c.h; path = ViewController.h; sourceTree = "<group>"; };
		97455761227C93AE00716AB0 /* ViewController.m */ = {isa = PBXFileReference; lastKnownFileType = sourcecode.c.objc; path = ViewController.m; sourceTree = "<group>"; };
		97455764227C93AE00716AB0 /* Base */ = {isa = PBXFileReference; lastKnownFileType = file.storyboard; name = Base; path = Base.lproj/Main.storyboard; sourceTree = "<group>"; };
		97455766227C93B000716AB0 /* Assets.xcassets */ = {isa = PBXFileReference; lastKnownFileType = folder.assetcatalog; path = Assets.xcassets; sourceTree = "<group>"; };
		97455769227C93B000716AB0 /* Base */ = {isa = PBXFileReference; lastKnownFileType = file.storyboard; name = Base; path = Base.lproj/LaunchScreen.storyboard; sourceTree = "<group>"; };
		9745576B227C93B000716AB0 /* Info.plist */ = {isa = PBXFileReference; lastKnownFileType = text.plist.xml; path = Info.plist; sourceTree = "<group>"; };
		9745576C227C93B000716AB0 /* main.m */ = {isa = PBXFileReference; lastKnownFileType = sourcecode.c.objc; path = main.m; sourceTree = "<group>"; };
		97455779227CA73000716AB0 /* DrinkDetailViewController.h */ = {isa = PBXFileReference; lastKnownFileType = sourcecode.c.h; path = DrinkDetailViewController.h; sourceTree = "<group>"; };
		9745577A227CA73000716AB0 /* DrinkDetailViewController.m */ = {isa = PBXFileReference; lastKnownFileType = sourcecode.c.objc; path = DrinkDetailViewController.m; sourceTree = "<group>"; };
		974557832280C47500716AB0 /* DrinkListViewController.h */ = {isa = PBXFileReference; lastKnownFileType = sourcecode.c.h; path = DrinkListViewController.h; sourceTree = "<group>"; };
		974557842280C47500716AB0 /* DrinkListViewController.m */ = {isa = PBXFileReference; lastKnownFileType = sourcecode.c.objc; path = DrinkListViewController.m; sourceTree = "<group>"; };
/* End PBXFileReference section */

/* Begin PBXFrameworksBuildPhase section */
		97455757227C93AE00716AB0 /* Frameworks */ = {
			isa = PBXFrameworksBuildPhase;
			buildActionMask = 2147483647;
			files = (
			);
			runOnlyForDeploymentPostprocessing = 0;
		};
/* End PBXFrameworksBuildPhase section */

/* Begin PBXGroup section */
		97455751227C93AE00716AB0 = {
			isa = PBXGroup;
			children = (
				9745575C227C93AE00716AB0 /* CocktailsApp */,
				9745575B227C93AE00716AB0 /* Products */,
			);
			sourceTree = "<group>";
		};
		9745575B227C93AE00716AB0 /* Products */ = {
			isa = PBXGroup;
			children = (
				9745575A227C93AE00716AB0 /* CocktailsApp.app */,
			);
			name = Products;
			sourceTree = "<group>";
		};
		9745575C227C93AE00716AB0 /* CocktailsApp */ = {
			isa = PBXGroup;
			children = (
				97455775227CA1F300716AB0 /* ViewControllers */,
				9745575D227C93AE00716AB0 /* AppDelegate.h */,
				9745575E227C93AE00716AB0 /* AppDelegate.m */,
				97455763227C93AE00716AB0 /* Main.storyboard */,
				97455766227C93B000716AB0 /* Assets.xcassets */,
				97455768227C93B000716AB0 /* LaunchScreen.storyboard */,
				9745576B227C93B000716AB0 /* Info.plist */,
				9745576C227C93B000716AB0 /* main.m */,
			);
			path = CocktailsApp;
			sourceTree = "<group>";
		};
		97455775227CA1F300716AB0 /* ViewControllers */ = {
			isa = PBXGroup;
			children = (
				97455760227C93AE00716AB0 /* ViewController.h */,
				97455761227C93AE00716AB0 /* ViewController.m */,
				97455779227CA73000716AB0 /* DrinkDetailViewController.h */,
				9745577A227CA73000716AB0 /* DrinkDetailViewController.m */,
				974557832280C47500716AB0 /* DrinkListViewController.h */,
				974557842280C47500716AB0 /* DrinkListViewController.m */,
			);
			path = ViewControllers;
			sourceTree = "<group>";
		};
/* End PBXGroup section */

/* Begin PBXNativeTarget section */
		97455759227C93AE00716AB0 /* CocktailsApp */ = {
			isa = PBXNativeTarget;
			buildConfigurationList = 97455770227C93B000716AB0 /* Build configuration list for PBXNativeTarget "CocktailsApp" */;
			buildPhases = (
				97455756227C93AE00716AB0 /* Sources */,
				97455757227C93AE00716AB0 /* Frameworks */,
				97455758227C93AE00716AB0 /* Resources */,
			);
			buildRules = (
			);
			dependencies = (
			);
			name = CocktailsApp;
			productName = CocktailsApp;
			productReference = 9745575A227C93AE00716AB0 /* CocktailsApp.app */;
			productType = "com.apple.product-type.application";
		};
/* End PBXNativeTarget section */

/* Begin PBXProject section */
		97455752227C93AE00716AB0 /* Project object */ = {
			isa = PBXProject;
			attributes = {
				LastUpgradeCheck = 1010;
				ORGANIZATIONNAME = Avery;
				TargetAttributes = {
					97455759227C93AE00716AB0 = {
						CreatedOnToolsVersion = 10.1;
					};
				};
			};
			buildConfigurationList = 97455755227C93AE00716AB0 /* Build configuration list for PBXProject "CocktailsApp" */;
			compatibilityVersion = "Xcode 9.3";
			developmentRegion = en;
			hasScannedForEncodings = 0;
			knownRegions = (
				en,
				Base,
			);
			mainGroup = 97455751227C93AE00716AB0;
			productRefGroup = 9745575B227C93AE00716AB0 /* Products */;
			projectDirPath = "";
			projectRoot = "";
			targets = (
				97455759227C93AE00716AB0 /* CocktailsApp */,
			);
		};
/* End PBXProject section */

/* Begin PBXResourcesBuildPhase section */
		97455758227C93AE00716AB0 /* Resources */ = {
			isa = PBXResourcesBuildPhase;
			buildActionMask = 2147483647;
			files = (
				9745576A227C93B000716AB0 /* LaunchScreen.storyboard in Resources */,
				97455767227C93B000716AB0 /* Assets.xcassets in Resources */,
				97455765227C93AE00716AB0 /* Main.storyboard in Resources */,
			);
			runOnlyForDeploymentPostprocessing = 0;
		};
/* End PBXResourcesBuildPhase section */

/* Begin PBXSourcesBuildPhase section */
		97455756227C93AE00716AB0 /* Sources */ = {
			isa = PBXSourcesBuildPhase;
			buildActionMask = 2147483647;
			files = (
				9745577B227CA73000716AB0 /* DrinkDetailViewController.m in Sources */,
				97455762227C93AE00716AB0 /* ViewController.m in Sources */,
				9745576D227C93B000716AB0 /* main.m in Sources */,
				9745575F227C93AE00716AB0 /* AppDelegate.m in Sources */,
				974557852280C47500716AB0 /* DrinkListViewController.m in Sources */,
			);
			runOnlyForDeploymentPostprocessing = 0;
		};
/* End PBXSourcesBuildPhase section */

/* Begin PBXVariantGroup section */
		97455763227C93AE00716AB0 /* Main.storyboard */ = {
			isa = PBXVariantGroup;
			children = (
				97455764227C93AE00716AB0 /* Base */,
			);
			name = Main.storyboard;
			sourceTree = "<group>";
		};
		97455768227C93B000716AB0 /* LaunchScreen.storyboard */ = {
			isa = PBXVariantGroup;
			children = (
				97455769227C93B000716AB0 /* Base */,
			);
			name = LaunchScreen.storyboard;
			sourceTree = "<group>";
		};
/* End PBXVariantGroup section */

/* Begin XCBuildConfiguration section */
		9745576E227C93B000716AB0 /* Debug */ = {
			isa = XCBuildConfiguration;
			buildSettings = {
				ALWAYS_SEARCH_USER_PATHS = NO;
				CLANG_ANALYZER_NONNULL = YES;
				CLANG_ANALYZER_NUMBER_OBJECT_CONVERSION = YES_AGGRESSIVE;
				CLANG_CXX_LANGUAGE_STANDARD = "gnu++14";
				CLANG_CXX_LIBRARY = "libc++";
				CLANG_ENABLE_MODULES = YES;
				CLANG_ENABLE_OBJC_ARC = YES;
				CLANG_ENABLE_OBJC_WEAK = YES;
				CLANG_WARN_BLOCK_CAPTURE_AUTORELEASING = YES;
				CLANG_WARN_BOOL_CONVERSION = YES;
				CLANG_WARN_COMMA = YES;
				CLANG_WARN_CONSTANT_CONVERSION = YES;
				CLANG_WARN_DEPRECATED_OBJC_IMPLEMENTATIONS = YES;
				CLANG_WARN_DIRECT_OBJC_ISA_USAGE = YES_ERROR;
				CLANG_WARN_DOCUMENTATION_COMMENTS = YES;
				CLANG_WARN_EMPTY_BODY = YES;
				CLANG_WARN_ENUM_CONVERSION = YES;
				CLANG_WARN_INFINITE_RECURSION = YES;
				CLANG_WARN_INT_CONVERSION = YES;
				CLANG_WARN_NON_LITERAL_NULL_CONVERSION = YES;
				CLANG_WARN_OBJC_IMPLICIT_RETAIN_SELF = YES;
				CLANG_WARN_OBJC_LITERAL_CONVERSION = YES;
				CLANG_WARN_OBJC_ROOT_CLASS = YES_ERROR;
				CLANG_WARN_RANGE_LOOP_ANALYSIS = YES;
				CLANG_WARN_STRICT_PROTOTYPES = YES;
				CLANG_WARN_SUSPICIOUS_MOVE = YES;
				CLANG_WARN_UNGUARDED_AVAILABILITY = YES_AGGRESSIVE;
				CLANG_WARN_UNREACHABLE_CODE = YES;
				CLANG_WARN__DUPLICATE_METHOD_MATCH = YES;
				CODE_SIGN_IDENTITY = "iPhone Developer";
				COPY_PHASE_STRIP = NO;
				DEBUG_INFORMATION_FORMAT = dwarf;
				ENABLE_STRICT_OBJC_MSGSEND = YES;
				ENABLE_TESTABILITY = YES;
				GCC_C_LANGUAGE_STANDARD = gnu11;
				GCC_DYNAMIC_NO_PIC = NO;
				GCC_NO_COMMON_BLOCKS = YES;
				GCC_OPTIMIZATION_LEVEL = 0;
				GCC_PREPROCESSOR_DEFINITIONS = (
					"DEBUG=1",
					"$(inherited)",
				);
				GCC_WARN_64_TO_32_BIT_CONVERSION = YES;
				GCC_WARN_ABOUT_RETURN_TYPE = YES_ERROR;
				GCC_WARN_UNDECLARED_SELECTOR = YES;
				GCC_WARN_UNINITIALIZED_AUTOS = YES_AGGRESSIVE;
				GCC_WARN_UNUSED_FUNCTION = YES;
				GCC_WARN_UNUSED_VARIABLE = YES;
				IPHONEOS_DEPLOYMENT_TARGET = 12.1;
				MTL_ENABLE_DEBUG_INFO = INCLUDE_SOURCE;
				MTL_FAST_MATH = YES;
				ONLY_ACTIVE_ARCH = YES;
				SDKROOT = iphoneos;
			};
			name = Debug;
		};
		9745576F227C93B000716AB0 /* Release */ = {
			isa = XCBuildConfiguration;
			buildSettings = {
				ALWAYS_SEARCH_USER_PATHS = NO;
				CLANG_ANALYZER_NONNULL = YES;
				CLANG_ANALYZER_NUMBER_OBJECT_CONVERSION = YES_AGGRESSIVE;
				CLANG_CXX_LANGUAGE_STANDARD = "gnu++14";
				CLANG_CXX_LIBRARY = "libc++";
				CLANG_ENABLE_MODULES = YES;
				CLANG_ENABLE_OBJC_ARC = YES;
				CLANG_ENABLE_OBJC_WEAK = YES;
				CLANG_WARN_BLOCK_CAPTURE_AUTORELEASING = YES;
				CLANG_WARN_BOOL_CONVERSION = YES;
				CLANG_WARN_COMMA = YES;
				CLANG_WARN_CONSTANT_CONVERSION = YES;
				CLANG_WARN_DEPRECATED_OBJC_IMPLEMENTATIONS = YES;
				CLANG_WARN_DIRECT_OBJC_ISA_USAGE = YES_ERROR;
				CLANG_WARN_DOCUMENTATION_COMMENTS = YES;
				CLANG_WARN_EMPTY_BODY = YES;
				CLANG_WARN_ENUM_CONVERSION = YES;
				CLANG_WARN_INFINITE_RECURSION = YES;
				CLANG_WARN_INT_CONVERSION = YES;
				CLANG_WARN_NON_LITERAL_NULL_CONVERSION = YES;
				CLANG_WARN_OBJC_IMPLICIT_RETAIN_SELF = YES;
				CLANG_WARN_OBJC_LITERAL_CONVERSION = YES;
				CLANG_WARN_OBJC_ROOT_CLASS = YES_ERROR;
				CLANG_WARN_RANGE_LOOP_ANALYSIS = YES;
				CLANG_WARN_STRICT_PROTOTYPES = YES;
				CLANG_WARN_SUSPICIOUS_MOVE = YES;
				CLANG_WARN_UNGUARDED_AVAILABILITY = YES_AGGRESSIVE;
				CLANG_WARN_UNREACHABLE_CODE = YES;
				CLANG_WARN__DUPLICATE_METHOD_MATCH = YES;
				CODE_SIGN_IDENTITY = "iPhone Developer";
				COPY_PHASE_STRIP = NO;
				DEBUG_INFORMATION_FORMAT = "dwarf-with-dsym";
				ENABLE_NS_ASSERTIONS = NO;
				ENABLE_STRICT_OBJC_MSGSEND = YES;
				GCC_C_LANGUAGE_STANDARD = gnu11;
				GCC_NO_COMMON_BLOCKS = YES;
				GCC_WARN_64_TO_32_BIT_CONVERSION = YES;
				GCC_WARN_ABOUT_RETURN_TYPE = YES_ERROR;
				GCC_WARN_UNDECLARED_SELECTOR = YES;
				GCC_WARN_UNINITIALIZED_AUTOS = YES_AGGRESSIVE;
				GCC_WARN_UNUSED_FUNCTION = YES;
				GCC_WARN_UNUSED_VARIABLE = YES;
				IPHONEOS_DEPLOYMENT_TARGET = 12.1;
				MTL_ENABLE_DEBUG_INFO = NO;
				MTL_FAST_MATH = YES;
				SDKROOT = iphoneos;
				VALIDATE_PRODUCT = YES;
			};
			name = Release;
		};
		97455771227C93B000716AB0 /* Debug */ = {
			isa = XCBuildConfiguration;
			buildSettings = {
				ASSETCATALOG_COMPILER_APPICON_NAME = AppIcon;
				CODE_SIGN_STYLE = Automatic;
				INFOPLIST_FILE = CocktailsApp/Info.plist;
				LD_RUNPATH_SEARCH_PATHS = (
					"$(inherited)",
					"@executable_path/Frameworks",
				);
				PRODUCT_BUNDLE_IDENTIFIER = com.magenic.CocktailsApp;
				PRODUCT_NAME = "$(TARGET_NAME)";
				TARGETED_DEVICE_FAMILY = "1,2";
			};
			name = Debug;
		};
		97455772227C93B000716AB0 /* Release */ = {
			isa = XCBuildConfiguration;
			buildSettings = {
				ASSETCATALOG_COMPILER_APPICON_NAME = AppIcon;
				CODE_SIGN_STYLE = Automatic;
				INFOPLIST_FILE = CocktailsApp/Info.plist;
				LD_RUNPATH_SEARCH_PATHS = (
					"$(inherited)",
					"@executable_path/Frameworks",
				);
				PRODUCT_BUNDLE_IDENTIFIER = com.magenic.CocktailsApp;
				PRODUCT_NAME = "$(TARGET_NAME)";
				TARGETED_DEVICE_FAMILY = "1,2";
			};
			name = Release;
		};
/* End XCBuildConfiguration section */

/* Begin XCConfigurationList section */
		97455755227C93AE00716AB0 /* Build configuration list for PBXProject "CocktailsApp" */ = {
			isa = XCConfigurationList;
			buildConfigurations = (
				9745576E227C93B000716AB0 /* Debug */,
				9745576F227C93B000716AB0 /* Release */,
			);
			defaultConfigurationIsVisible = 0;
			defaultConfigurationName = Release;
		};
		97455770227C93B000716AB0 /* Build configuration list for PBXNativeTarget "CocktailsApp" */ = {
			isa = XCConfigurationList;
			buildConfigurations = (
				97455771227C93B000716AB0 /* Debug */,
				97455772227C93B000716AB0 /* Release */,
			);
			defaultConfigurationIsVisible = 0;
			defaultConfigurationName = Release;
		};
/* End XCConfigurationList section */
	};
	rootObject = 97455752227C93AE00716AB0 /* Project object */;
}
